
Microsoft Visual Studio Solution File, Format Version 12.00
# Visual Studio Version 17
VisualStudioVersion = 17.5.33502.453
MinimumVisualStudioVersion = 10.0.40219.1
Project("{FAE04EC0-301F-11D3-BF4B-00C04F79EFBC}") = "ClassLibraryMSBuild", "ClassLibraryMSBuild\ClassLibraryMSBuild.csproj", "{6EAEF5B1-D49B-47C3-AB29-E03DDFEE3234}"
EndProject
Global
	GlobalSection(SolutionConfigurationPlatforms) = preSolution
		Debug|Any CPU = Debug|Any CPU
		Release|Any CPU = Release|Any CPU
	EndGlobalSection
	GlobalSection(ProjectConfigurationPlatforms) = postSolution
		{6EAEF5B1-D49B-47C3-AB29-E03DDFEE3234}.Debug|Any CPU.ActiveCfg = Debug|Any CPU
		{6EAEF5B1-D49B-47C3-AB29-E03DDFEE3234}.Debug|Any CPU.Build.0 = Debug|Any CPU
		{6EAEF5B1-D49B-47C3-AB29-E03DDFEE3234}.Release|Any CPU.ActiveCfg = Release|Any CPU
		{6EAEF5B1-D49B-47C3-AB29-E03DDFEE3234}.Release|Any CPU.Build.0 = Release|Any CPU
	EndGlobalSection
	GlobalSection(SolutionProperties) = preSolution
		HideSolutionNode = FALSE
	EndGlobalSection
	GlobalSection(ExtensibilityGlobals) = postSolution
		SolutionGuid = {DC882474-ABBE-4448-BD4E-EBEF05B5584E}
	EndGlobalSection
EndGlobal
